
Microsoft Visual Studio Solution File, Format Version 12.00
# Visual Studio 15
Project("{FAE04EC0-301F-11D3-BF4B-00C04F79EFBC}") = "Food Fight", "Food Fight.csproj", "{0CC67693-5949-D712-3251-D3886BE7DD6F}"
EndProject
Project("{FAE04EC0-301F-11D3-BF4B-00C04F79EFBC}") = "Food Fight.Editor.Plugins", "Food Fight.Editor.Plugins.csproj", "{204B7FAD-5408-942D-9249-6A14C4FB8D1D}"
EndProject
Global
	GlobalSection(SolutionConfigurationPlatforms) = preSolution
		Debug|Any CPU = Debug|Any CPU
		Release|Any CPU = Release|Any CPU
	EndGlobalSection
	GlobalSection(ProjectConfigurationPlatforms) = postSolution
		{0CC67693-5949-D712-3251-D3886BE7DD6F}.Debug|Any CPU.ActiveCfg = Debug|Any CPU
		{0CC67693-5949-D712-3251-D3886BE7DD6F}.Debug|Any CPU.Build.0 = Debug|Any CPU
		{0CC67693-5949-D712-3251-D3886BE7DD6F}.Release|Any CPU.ActiveCfg = Release|Any CPU
		{0CC67693-5949-D712-3251-D3886BE7DD6F}.Release|Any CPU.Build.0 = Release|Any CPU
		{204B7FAD-5408-942D-9249-6A14C4FB8D1D}.Debug|Any CPU.ActiveCfg = Debug|Any CPU
		{204B7FAD-5408-942D-9249-6A14C4FB8D1D}.Debug|Any CPU.Build.0 = Debug|Any CPU
		{204B7FAD-5408-942D-9249-6A14C4FB8D1D}.Release|Any CPU.ActiveCfg = Release|Any CPU
		{204B7FAD-5408-942D-9249-6A14C4FB8D1D}.Release|Any CPU.Build.0 = Release|Any CPU
	EndGlobalSection
	GlobalSection(SolutionProperties) = preSolution
		HideSolutionNode = FALSE
	EndGlobalSection
EndGlobal
